
Microsoft Visual Studio Solution File, Format Version 12.00
# Visual Studio 14
VisualStudioVersion = 14.0.23107.0
MinimumVisualStudioVersion = 10.0.40219.1
Project("{FAE04EC0-301F-11D3-BF4B-00C04F79EFBC}") = "ZY.Core", "ZY.Core\ZY.Core.csproj", "{57AC6B09-D257-42A4-B542-7195F0A9AFC1}"
EndProject
Project("{FAE04EC0-301F-11D3-BF4B-00C04F79EFBC}") = "ZY.Repositories.EntityFramework", "ZY.Repositories.EntityFramework\ZY.Repositories.EntityFramework.csproj", "{D0D3F3D7-9DFC-4605-8031-7E585ACCBB99}"
EndProject
Project("{FAE04EC0-301F-11D3-BF4B-00C04F79EFBC}") = "ZY.Utils", "ZY.Utils\ZY.Utils.csproj", "{F4E431B9-D6F7-4150-B1F2-0712E2937951}"
EndProject
Project("{2150E333-8FDC-42A3-9474-1A3956D46DE8}") = "08-ZY.Tests", "08-ZY.Tests", "{A460F648-023D-4F12-904E-BF88D4867AB4}"
EndProject
Project("{FAE04EC0-301F-11D3-BF4B-00C04F79EFBC}") = "ZY.Core.Tests", "ZY.Tests\ZY.Core.Tests\ZY.Core.Tests.csproj", "{A80BCA2C-85B3-4C06-BCA1-B361B778BB2D}"
EndProject
Project("{FAE04EC0-301F-11D3-BF4B-00C04F79EFBC}") = "ZY.Utils.Tests", "ZY.Tests\ZY.Utils.Tests\ZY.Utils.Tests.csproj", "{4300A668-6C5D-4A91-AF90-0BB9D01531B4}"
EndProject
Project("{FAE04EC0-301F-11D3-BF4B-00C04F79EFBC}") = "ZY.Model", "ZY.Model\ZY.Model.csproj", "{3FDAB2C5-76F3-43F0-9434-6ED674545AFB}"
EndProject
Project("{FAE04EC0-301F-11D3-BF4B-00C04F79EFBC}") = "ZY.WebApi", "ZY.WebApi\ZY.WebApi.csproj", "{110305C1-43B7-425E-910D-87869A6A7FBA}"
EndProject
Project("{FAE04EC0-301F-11D3-BF4B-00C04F79EFBC}") = "ZY.Identity", "ZY.Identity\ZY.Identity.csproj", "{E39B741A-3BE1-4E8C-8050-C119C94CB564}"
EndProject
Project("{FAE04EC0-301F-11D3-BF4B-00C04F79EFBC}") = "WebApplication2", "WebApplication2\WebApplication2.csproj", "{8F4EC788-49F3-40D9-AB16-CD4117E1BA4E}"
EndProject
Project("{FAE04EC0-301F-11D3-BF4B-00C04F79EFBC}") = "ZY.Web.MVC", "ZY.Web.MVC\ZY.Web.MVC.csproj", "{4BEF3900-E9B9-4968-941B-DFD32EAED445}"
EndProject
Project("{2150E333-8FDC-42A3-9474-1A3956D46DE8}") = "01-ZY.Web.MVC", "01-ZY.Web.MVC", "{921E3E30-D8DB-477C-ABEA-BD6AE21440E9}"
EndProject
Project("{2150E333-8FDC-42A3-9474-1A3956D46DE8}") = "02-ZY.Web.Api", "02-ZY.Web.Api", "{6F293527-BF04-4602-879F-472845ED1396}"
EndProject
Project("{2150E333-8FDC-42A3-9474-1A3956D46DE8}") = "03-ZY.Identity", "03-ZY.Identity", "{0F3B4BEA-3EA8-45BC-8FCA-7FB978088135}"
EndProject
Project("{2150E333-8FDC-42A3-9474-1A3956D46DE8}") = "04-ZY.Core", "04-ZY.Core", "{76B22A84-41A8-4FB9-9D07-37FD344BEFC0}"
EndProject
Project("{2150E333-8FDC-42A3-9474-1A3956D46DE8}") = "05-ZY.Repository", "05-ZY.Repository", "{1877D91C-0624-4053-8ED9-6226BC910520}"
EndProject
Project("{2150E333-8FDC-42A3-9474-1A3956D46DE8}") = "06-ZY.Model", "06-ZY.Model", "{8D94DFAC-950A-41D9-A88D-8F0DA77EC5E6}"
EndProject
Project("{2150E333-8FDC-42A3-9474-1A3956D46DE8}") = "07-ZY.Utils", "07-ZY.Utils", "{DFC0DB9B-A05B-4937-B50F-CD98F4692322}"
EndProject
Global
	GlobalSection(SolutionConfigurationPlatforms) = preSolution
		Debug|Any CPU = Debug|Any CPU
		Release|Any CPU = Release|Any CPU
	EndGlobalSection
	GlobalSection(ProjectConfigurationPlatforms) = postSolution
		{57AC6B09-D257-42A4-B542-7195F0A9AFC1}.Debug|Any CPU.ActiveCfg = Debug|Any CPU
		{57AC6B09-D257-42A4-B542-7195F0A9AFC1}.Debug|Any CPU.Build.0 = Debug|Any CPU
		{57AC6B09-D257-42A4-B542-7195F0A9AFC1}.Release|Any CPU.ActiveCfg = Release|Any CPU
		{57AC6B09-D257-42A4-B542-7195F0A9AFC1}.Release|Any CPU.Build.0 = Release|Any CPU
		{D0D3F3D7-9DFC-4605-8031-7E585ACCBB99}.Debug|Any CPU.ActiveCfg = Debug|Any CPU
		{D0D3F3D7-9DFC-4605-8031-7E585ACCBB99}.Debug|Any CPU.Build.0 = Debug|Any CPU
		{D0D3F3D7-9DFC-4605-8031-7E585ACCBB99}.Release|Any CPU.ActiveCfg = Release|Any CPU
		{D0D3F3D7-9DFC-4605-8031-7E585ACCBB99}.Release|Any CPU.Build.0 = Release|Any CPU
		{F4E431B9-D6F7-4150-B1F2-0712E2937951}.Debug|Any CPU.ActiveCfg = Debug|Any CPU
		{F4E431B9-D6F7-4150-B1F2-0712E2937951}.Debug|Any CPU.Build.0 = Debug|Any CPU
		{F4E431B9-D6F7-4150-B1F2-0712E2937951}.Release|Any CPU.ActiveCfg = Release|Any CPU
		{F4E431B9-D6F7-4150-B1F2-0712E2937951}.Release|Any CPU.Build.0 = Release|Any CPU
		{A80BCA2C-85B3-4C06-BCA1-B361B778BB2D}.Debug|Any CPU.ActiveCfg = Debug|Any CPU
		{A80BCA2C-85B3-4C06-BCA1-B361B778BB2D}.Debug|Any CPU.Build.0 = Debug|Any CPU
		{A80BCA2C-85B3-4C06-BCA1-B361B778BB2D}.Release|Any CPU.ActiveCfg = Release|Any CPU
		{A80BCA2C-85B3-4C06-BCA1-B361B778BB2D}.Release|Any CPU.Build.0 = Release|Any CPU
		{4300A668-6C5D-4A91-AF90-0BB9D01531B4}.Debug|Any CPU.ActiveCfg = Debug|Any CPU
		{4300A668-6C5D-4A91-AF90-0BB9D01531B4}.Debug|Any CPU.Build.0 = Debug|Any CPU
		{4300A668-6C5D-4A91-AF90-0BB9D01531B4}.Release|Any CPU.ActiveCfg = Release|Any CPU
		{4300A668-6C5D-4A91-AF90-0BB9D01531B4}.Release|Any CPU.Build.0 = Release|Any CPU
		{3FDAB2C5-76F3-43F0-9434-6ED674545AFB}.Debug|Any CPU.ActiveCfg = Debug|Any CPU
		{3FDAB2C5-76F3-43F0-9434-6ED674545AFB}.Debug|Any CPU.Build.0 = Debug|Any CPU
		{3FDAB2C5-76F3-43F0-9434-6ED674545AFB}.Release|Any CPU.ActiveCfg = Release|Any CPU
		{3FDAB2C5-76F3-43F0-9434-6ED674545AFB}.Release|Any CPU.Build.0 = Release|Any CPU
		{110305C1-43B7-425E-910D-87869A6A7FBA}.Debug|Any CPU.ActiveCfg = Debug|Any CPU
		{110305C1-43B7-425E-910D-87869A6A7FBA}.Debug|Any CPU.Build.0 = Debug|Any CPU
		{110305C1-43B7-425E-910D-87869A6A7FBA}.Release|Any CPU.ActiveCfg = Release|Any CPU
		{110305C1-43B7-425E-910D-87869A6A7FBA}.Release|Any CPU.Build.0 = Release|Any CPU
		{E39B741A-3BE1-4E8C-8050-C119C94CB564}.Debug|Any CPU.ActiveCfg = Debug|Any CPU
		{E39B741A-3BE1-4E8C-8050-C119C94CB564}.Debug|Any CPU.Build.0 = Debug|Any CPU
		{E39B741A-3BE1-4E8C-8050-C119C94CB564}.Release|Any CPU.ActiveCfg = Release|Any CPU
		{E39B741A-3BE1-4E8C-8050-C119C94CB564}.Release|Any CPU.Build.0 = Release|Any CPU
		{8F4EC788-49F3-40D9-AB16-CD4117E1BA4E}.Debug|Any CPU.ActiveCfg = Debug|Any CPU
		{8F4EC788-49F3-40D9-AB16-CD4117E1BA4E}.Debug|Any CPU.Build.0 = Debug|Any CPU
		{8F4EC788-49F3-40D9-AB16-CD4117E1BA4E}.Release|Any CPU.ActiveCfg = Release|Any CPU
		{8F4EC788-49F3-40D9-AB16-CD4117E1BA4E}.Release|Any CPU.Build.0 = Release|Any CPU
		{4BEF3900-E9B9-4968-941B-DFD32EAED445}.Debug|Any CPU.ActiveCfg = Debug|Any CPU
		{4BEF3900-E9B9-4968-941B-DFD32EAED445}.Debug|Any CPU.Build.0 = Debug|Any CPU
		{4BEF3900-E9B9-4968-941B-DFD32EAED445}.Release|Any CPU.ActiveCfg = Release|Any CPU
		{4BEF3900-E9B9-4968-941B-DFD32EAED445}.Release|Any CPU.Build.0 = Release|Any CPU
	EndGlobalSection
	GlobalSection(SolutionProperties) = preSolution
		HideSolutionNode = FALSE
	EndGlobalSection
	GlobalSection(NestedProjects) = preSolution
		{57AC6B09-D257-42A4-B542-7195F0A9AFC1} = {76B22A84-41A8-4FB9-9D07-37FD344BEFC0}
		{D0D3F3D7-9DFC-4605-8031-7E585ACCBB99} = {1877D91C-0624-4053-8ED9-6226BC910520}
		{F4E431B9-D6F7-4150-B1F2-0712E2937951} = {DFC0DB9B-A05B-4937-B50F-CD98F4692322}
		{A80BCA2C-85B3-4C06-BCA1-B361B778BB2D} = {A460F648-023D-4F12-904E-BF88D4867AB4}
		{4300A668-6C5D-4A91-AF90-0BB9D01531B4} = {A460F648-023D-4F12-904E-BF88D4867AB4}
		{3FDAB2C5-76F3-43F0-9434-6ED674545AFB} = {8D94DFAC-950A-41D9-A88D-8F0DA77EC5E6}
		{110305C1-43B7-425E-910D-87869A6A7FBA} = {6F293527-BF04-4602-879F-472845ED1396}
		{E39B741A-3BE1-4E8C-8050-C119C94CB564} = {0F3B4BEA-3EA8-45BC-8FCA-7FB978088135}
		{8F4EC788-49F3-40D9-AB16-CD4117E1BA4E} = {A460F648-023D-4F12-904E-BF88D4867AB4}
		{4BEF3900-E9B9-4968-941B-DFD32EAED445} = {921E3E30-D8DB-477C-ABEA-BD6AE21440E9}
	EndGlobalSection
EndGlobal
